{
  "name": "COMP523",
  "lockfileVersion": 3,
  "requires": true,
  "packages": {
    "": {
      "dependencies": {
        "@schedule-x/drag-and-drop": "^2.4.1",
        "@schedule-x/event-recurrence": "^2.4.1",
        "@schedule-x/events-service": "^2.4.1"
      }
    },
    "node_modules/@schedule-x/drag-and-drop": {
      "version": "2.4.1",
      "resolved": "https://registry.npmjs.org/@schedule-x/drag-and-drop/-/drag-and-drop-2.4.1.tgz",
      "integrity": "sha512-DQV0EEFQyL7ww9OW9mO+YnoNwNacqF2n0gDB4y2BuRWRFDxbwsAk6WI9toAYB80/b6UaLiwe9nUraaEf1ZnIwA==",
      "license": "MIT"
    },
    "node_modules/@schedule-x/event-recurrence": {
      "version": "2.4.1",
      "resolved": "https://registry.npmjs.org/@schedule-x/event-recurrence/-/event-recurrence-2.4.1.tgz",
      "integrity": "sha512-376MzorPPmbDm+xe0ZnLadoyKcpJTfZam8PmALhO9o+2kfi9Ih33+QZxIV+w9fXVkSHWAL06Tj+OmwpsvpRZaw==",
      "license": "MIT"
    },
    "node_modules/@schedule-x/events-service": {
      "version": "2.4.1",
      "resolved": "https://registry.npmjs.org/@schedule-x/events-service/-/events-service-2.4.1.tgz",
      "integrity": "sha512-4w2bbyPimdVqE35HJ3Y+ZuvEBY6cXbJxbveoAQLfyIvwlH0ZeX4nHhEjUeiDonUGKW4sjFfoYt1KfHZNIxgTow==",
      "license": "MIT"
    }
  }
}
